github.com/team-durumi/hugo-search-fuse-js-aa v0.0.0-20210628094619-e3ae4cfbf0b6 h1:PboSCXkAHe8rxzNniAMCa+kLbn84IqoZYTb/MMSTHpQ=
github.com/team-durumi/hugo-search-fuse-js-aa v0.0.0-20210628094619-e3ae4cfbf0b6/go.mod h1:DDfMJGftuK8bUsDJdl3nM/vlzAvSjVNi2IejQleS5tY=
github.com/team-durumi/tailwind-aa-theme v0.0.0-20211217133713-92022565cc93 h1:6kZpUECTDffWJr2CYe0KxgW8LozsSBNwhhmPhNBPpfQ=
github.com/team-durumi/tailwind-aa-theme v0.0.0-20211217133713-92022565cc93/go.mod h1:vdKTWy/bSPbxjMX5JeEQg9oJPwrxQDu5I+f2iWfiaR0=
